// !$*UTF8*$!
{
	archiveVersion = 1;
	classes = {
	};
	objectVersion = 56;
	objects = {

/* Begin PBXBuildFile section */
		293BF18D2AD26E250018E66F /* AppDelegate.swift in Sources */ = {isa = PBXBuildFile; fileRef = 293BF18C2AD26E250018E66F /* AppDelegate.swift */; };
		293BF18F2AD26E250018E66F /* SceneDelegate.swift in Sources */ = {isa = PBXBuildFile; fileRef = 293BF18E2AD26E250018E66F /* SceneDelegate.swift */; };
		293BF1942AD26E250018E66F /* Main.storyboard in Resources */ = {isa = PBXBuildFile; fileRef = 293BF1922AD26E250018E66F /* Main.storyboard */; };
		293BF1992AD26E260018E66F /* Assets.xcassets in Resources */ = {isa = PBXBuildFile; fileRef = 293BF1982AD26E260018E66F /* Assets.xcassets */; };
		293BF19C2AD26E260018E66F /* LaunchScreen.storyboard in Resources */ = {isa = PBXBuildFile; fileRef = 293BF19A2AD26E260018E66F /* LaunchScreen.storyboard */; };
		293BF1A72AD26E260018E66F /* WeatherApplicationTests.swift in Sources */ = {isa = PBXBuildFile; fileRef = 293BF1A62AD26E260018E66F /* WeatherApplicationTests.swift */; };
		293BF1B12AD26E260018E66F /* WeatherApplicationUITests.swift in Sources */ = {isa = PBXBuildFile; fileRef = 293BF1B02AD26E260018E66F /* WeatherApplicationUITests.swift */; };
		293BF1B32AD26E260018E66F /* WeatherApplicationUITestsLaunchTests.swift in Sources */ = {isa = PBXBuildFile; fileRef = 293BF1B22AD26E260018E66F /* WeatherApplicationUITestsLaunchTests.swift */; };
		293BF1C82AD26FCD0018E66F /* ApiManager.swift in Sources */ = {isa = PBXBuildFile; fileRef = 293BF1C72AD26FCD0018E66F /* ApiManager.swift */; };
		293BF1CA2AD2702C0018E66F /* EndPointAPIType.swift in Sources */ = {isa = PBXBuildFile; fileRef = 293BF1C92AD2702C0018E66F /* EndPointAPIType.swift */; };
		293BF1CC2AD271FA0018E66F /* MyLocationVC.swift in Sources */ = {isa = PBXBuildFile; fileRef = 293BF1CB2AD271FA0018E66F /* MyLocationVC.swift */; };
		293BF1CE2AD273C30018E66F /* PickLocationVC.swift in Sources */ = {isa = PBXBuildFile; fileRef = 293BF1CD2AD273C30018E66F /* PickLocationVC.swift */; };
		293BF1D02AD2746F0018E66F /* ForecastReportVC.swift in Sources */ = {isa = PBXBuildFile; fileRef = 293BF1CF2AD2746F0018E66F /* ForecastReportVC.swift */; };
		293BF1D42AD3BC110018E66F /* WeatherModel.swift in Sources */ = {isa = PBXBuildFile; fileRef = 293BF1D32AD3BC110018E66F /* WeatherModel.swift */; };
		293BF1D72AD3BC960018E66F /* WeatherViewModel.swift in Sources */ = {isa = PBXBuildFile; fileRef = 293BF1D62AD3BC960018E66F /* WeatherViewModel.swift */; };
		293BF1D92AD3D2E20018E66F /* ForecastModel.swift in Sources */ = {isa = PBXBuildFile; fileRef = 293BF1D82AD3D2E20018E66F /* ForecastModel.swift */; };
		293BF1DB2AD3D2F80018E66F /* ForecastViewModel.swift in Sources */ = {isa = PBXBuildFile; fileRef = 293BF1DA2AD3D2F80018E66F /* ForecastViewModel.swift */; };
		293BF1DD2AD402C70018E66F /* Contstants.swift in Sources */ = {isa = PBXBuildFile; fileRef = 293BF1DC2AD402C70018E66F /* Contstants.swift */; };
		296BEB122AD5508700715342 /* ResultCVCell.swift in Sources */ = {isa = PBXBuildFile; fileRef = 296BEB112AD5508700715342 /* ResultCVCell.swift */; };
		296BEB142AD5657100715342 /* forecastCVCell.swift in Sources */ = {isa = PBXBuildFile; fileRef = 296BEB132AD5657100715342 /* forecastCVCell.swift */; };
		296BEB162AD69BA100715342 /* ForecastReportCVCell.swift in Sources */ = {isa = PBXBuildFile; fileRef = 296BEB152AD69BA100715342 /* ForecastReportCVCell.swift */; };
		29D4AFBA2AD92E59009CC37D /* iconCVCell.swift in Sources */ = {isa = PBXBuildFile; fileRef = 29D4AFB92AD92E59009CC37D /* iconCVCell.swift */; };
		29D4AFC42AD9646F009CC37D /* RobotoSlab-Medium.ttf in Resources */ = {isa = PBXBuildFile; fileRef = 29D4AFC32AD9646F009CC37D /* RobotoSlab-Medium.ttf */; };
		29D4AFC62AD9647C009CC37D /* RobotoSlab-Light.ttf in Resources */ = {isa = PBXBuildFile; fileRef = 29D4AFC52AD9647C009CC37D /* RobotoSlab-Light.ttf */; };
		29D4AFC82AD97C49009CC37D /* CellViewModel.swift in Sources */ = {isa = PBXBuildFile; fileRef = 29D4AFC72AD97C49009CC37D /* CellViewModel.swift */; };
		29D4AFCA2AD97F2F009CC37D /* TextFieldExtension.swift in Sources */ = {isa = PBXBuildFile; fileRef = 29D4AFC92AD97F2F009CC37D /* TextFieldExtension.swift */; };
		29D4AFCC2AD97F3B009CC37D /* ButtonExtension.swift in Sources */ = {isa = PBXBuildFile; fileRef = 29D4AFCB2AD97F3B009CC37D /* ButtonExtension.swift */; };
		29D4AFCE2AD97F4A009CC37D /* LabelExtension.swift in Sources */ = {isa = PBXBuildFile; fileRef = 29D4AFCD2AD97F4A009CC37D /* LabelExtension.swift */; };
		29D4AFD02AD97F5A009CC37D /* ImageExtension.swift in Sources */ = {isa = PBXBuildFile; fileRef = 29D4AFCF2AD97F5A009CC37D /* ImageExtension.swift */; };
		29D4AFD22AD97F6C009CC37D /* CollectionViewExtension.swift in Sources */ = {isa = PBXBuildFile; fileRef = 29D4AFD12AD97F6C009CC37D /* CollectionViewExtension.swift */; };
		29D4AFD42AD97F83009CC37D /* ViewControllerExtension.swift in Sources */ = {isa = PBXBuildFile; fileRef = 29D4AFD32AD97F83009CC37D /* ViewControllerExtension.swift */; };
		29D4AFD62AD97F98009CC37D /* FontExtension.swift in Sources */ = {isa = PBXBuildFile; fileRef = 29D4AFD52AD97F98009CC37D /* FontExtension.swift */; };
		29D78B682ADBFDF7001673F9 /* WeatherService.swift in Sources */ = {isa = PBXBuildFile; fileRef = 29D78B672ADBFDF7001673F9 /* WeatherService.swift */; };
		29D78B6A2ADC0E56001673F9 /* MockWeatherApiService.swift in Sources */ = {isa = PBXBuildFile; fileRef = 29D78B692ADC0E56001673F9 /* MockWeatherApiService.swift */; };
		29D78B6E2ADC14C7001673F9 /* MockApiTest.swift in Sources */ = {isa = PBXBuildFile; fileRef = 29D78B6D2ADC14C7001673F9 /* MockApiTest.swift */; };
		29D78B712ADCFB73001673F9 /* WeatherMockData.swift in Sources */ = {isa = PBXBuildFile; fileRef = 29D78B702ADCFB73001673F9 /* WeatherMockData.swift */; };
		29D78B732ADCFD11001673F9 /* MockForecastAPITest.swift in Sources */ = {isa = PBXBuildFile; fileRef = 29D78B722ADCFD11001673F9 /* MockForecastAPITest.swift */; };
		29D78B752ADD05CA001673F9 /* CellViewModelDateTest.swift in Sources */ = {isa = PBXBuildFile; fileRef = 29D78B742ADD05CA001673F9 /* CellViewModelDateTest.swift */; };
		29D78B7A2ADD36A1001673F9 /* CoreDataViewModel.swift in Sources */ = {isa = PBXBuildFile; fileRef = 29D78B792ADD36A1001673F9 /* CoreDataViewModel.swift */; };
		29D78B9D2ADD528E001673F9 /* Kingfisher in Frameworks */ = {isa = PBXBuildFile; productRef = 29D78B9C2ADD528E001673F9 /* Kingfisher */; };
		29D78BA02ADD5297001673F9 /* TinyConstraints in Frameworks */ = {isa = PBXBuildFile; productRef = 29D78B9F2ADD5297001673F9 /* TinyConstraints */; };
		29D78BA32ADD5EBB001673F9 /* WeatherApplication.xcdatamodeld in Sources */ = {isa = PBXBuildFile; fileRef = 29D78BA12ADD5EBB001673F9 /* WeatherApplication.xcdatamodeld */; };
		29D78BA62ADD5F2D001673F9 /* SearchWeather.swift in Sources */ = {isa = PBXBuildFile; fileRef = 29D78BA42ADD5F2D001673F9 /* SearchWeather.swift */; };
		29D78BB82ADE5285001673F9 /* Enum.swift in Sources */ = {isa = PBXBuildFile; fileRef = 29D78BB72ADE5285001673F9 /* Enum.swift */; };
/* End PBXBuildFile section */

/* Begin PBXContainerItemProxy section */
		293BF1A32AD26E260018E66F /* PBXContainerItemProxy */ = {
			isa = PBXContainerItemProxy;
			containerPortal = 293BF1812AD26E250018E66F /* Project object */;
			proxyType = 1;
			remoteGlobalIDString = 293BF1882AD26E250018E66F;
			remoteInfo = WeatherApplication;
		};
		293BF1AD2AD26E260018E66F /* PBXContainerItemProxy */ = {
			isa = PBXContainerItemProxy;
			containerPortal = 293BF1812AD26E250018E66F /* Project object */;
			proxyType = 1;
			remoteGlobalIDString = 293BF1882AD26E250018E66F;
			remoteInfo = WeatherApplication;
		};
/* End PBXContainerItemProxy section */

/* Begin PBXFileReference section */
		293BF1892AD26E250018E66F /* WeatherApplication.app */ = {isa = PBXFileReference; explicitFileType = wrapper.application; includeInIndex = 0; path = WeatherApplication.app; sourceTree = BUILT_PRODUCTS_DIR; };
		293BF18C2AD26E250018E66F /* AppDelegate.swift */ = {isa = PBXFileReference; lastKnownFileType = sourcecode.swift; path = AppDelegate.swift; sourceTree = "<group>"; };
		293BF18E2AD26E250018E66F /* SceneDelegate.swift */ = {isa = PBXFileReference; lastKnownFileType = sourcecode.swift; path = SceneDelegate.swift; sourceTree = "<group>"; };
		293BF1932AD26E250018E66F /* Base */ = {isa = PBXFileReference; lastKnownFileType = file.storyboard; name = Base; path = Base.lproj/Main.storyboard; sourceTree = "<group>"; };
		293BF1982AD26E260018E66F /* Assets.xcassets */ = {isa = PBXFileReference; lastKnownFileType = folder.assetcatalog; path = Assets.xcassets; sourceTree = "<group>"; };
		293BF19B2AD26E260018E66F /* Base */ = {isa = PBXFileReference; lastKnownFileType = file.storyboard; name = Base; path = Base.lproj/LaunchScreen.storyboard; sourceTree = "<group>"; };
		293BF19D2AD26E260018E66F /* Info.plist */ = {isa = PBXFileReference; lastKnownFileType = text.plist.xml; path = Info.plist; sourceTree = "<group>"; };
		293BF1A22AD26E260018E66F /* WeatherApplicationTests.xctest */ = {isa = PBXFileReference; explicitFileType = wrapper.cfbundle; includeInIndex = 0; path = WeatherApplicationTests.xctest; sourceTree = BUILT_PRODUCTS_DIR; };
		293BF1A62AD26E260018E66F /* WeatherApplicationTests.swift */ = {isa = PBXFileReference; lastKnownFileType = sourcecode.swift; path = WeatherApplicationTests.swift; sourceTree = "<group>"; };
		293BF1AC2AD26E260018E66F /* WeatherApplicationUITests.xctest */ = {isa = PBXFileReference; explicitFileType = wrapper.cfbundle; includeInIndex = 0; path = WeatherApplicationUITests.xctest; sourceTree = BUILT_PRODUCTS_DIR; };
		293BF1B02AD26E260018E66F /* WeatherApplicationUITests.swift */ = {isa = PBXFileReference; lastKnownFileType = sourcecode.swift; path = WeatherApplicationUITests.swift; sourceTree = "<group>"; };
		293BF1B22AD26E260018E66F /* WeatherApplicationUITestsLaunchTests.swift */ = {isa = PBXFileReference; lastKnownFileType = sourcecode.swift; path = WeatherApplicationUITestsLaunchTests.swift; sourceTree = "<group>"; };
		293BF1C72AD26FCD0018E66F /* ApiManager.swift */ = {isa = PBXFileReference; lastKnownFileType = sourcecode.swift; path = ApiManager.swift; sourceTree = "<group>"; };
		293BF1C92AD2702C0018E66F /* EndPointAPIType.swift */ = {isa = PBXFileReference; lastKnownFileType = sourcecode.swift; path = EndPointAPIType.swift; sourceTree = "<group>"; };
		293BF1CB2AD271FA0018E66F /* MyLocationVC.swift */ = {isa = PBXFileReference; lastKnownFileType = sourcecode.swift; path = MyLocationVC.swift; sourceTree = "<group>"; };
		293BF1CD2AD273C30018E66F /* PickLocationVC.swift */ = {isa = PBXFileReference; lastKnownFileType = sourcecode.swift; path = PickLocationVC.swift; sourceTree = "<group>"; };
		293BF1CF2AD2746F0018E66F /* ForecastReportVC.swift */ = {isa = PBXFileReference; lastKnownFileType = sourcecode.swift; path = ForecastReportVC.swift; sourceTree = "<group>"; };
		293BF1D32AD3BC110018E66F /* WeatherModel.swift */ = {isa = PBXFileReference; lastKnownFileType = sourcecode.swift; path = WeatherModel.swift; sourceTree = "<group>"; };
		293BF1D62AD3BC960018E66F /* WeatherViewModel.swift */ = {isa = PBXFileReference; lastKnownFileType = sourcecode.swift; path = WeatherViewModel.swift; sourceTree = "<group>"; };
		293BF1D82AD3D2E20018E66F /* ForecastModel.swift */ = {isa = PBXFileReference; lastKnownFileType = sourcecode.swift; path = ForecastModel.swift; sourceTree = "<group>"; };
		293BF1DA2AD3D2F80018E66F /* ForecastViewModel.swift */ = {isa = PBXFileReference; lastKnownFileType = sourcecode.swift; path = ForecastViewModel.swift; sourceTree = "<group>"; };
		293BF1DC2AD402C70018E66F /* Contstants.swift */ = {isa = PBXFileReference; lastKnownFileType = sourcecode.swift; path = Contstants.swift; sourceTree = "<group>"; };
		296BEB112AD5508700715342 /* ResultCVCell.swift */ = {isa = PBXFileReference; lastKnownFileType = sourcecode.swift; path = ResultCVCell.swift; sourceTree = "<group>"; };
		296BEB132AD5657100715342 /* forecastCVCell.swift */ = {isa = PBXFileReference; lastKnownFileType = sourcecode.swift; path = forecastCVCell.swift; sourceTree = "<group>"; };
		296BEB152AD69BA100715342 /* ForecastReportCVCell.swift */ = {isa = PBXFileReference; lastKnownFileType = sourcecode.swift; path = ForecastReportCVCell.swift; sourceTree = "<group>"; };
		29D4AFB92AD92E59009CC37D /* iconCVCell.swift */ = {isa = PBXFileReference; lastKnownFileType = sourcecode.swift; path = iconCVCell.swift; sourceTree = "<group>"; };
		29D4AFC32AD9646F009CC37D /* RobotoSlab-Medium.ttf */ = {isa = PBXFileReference; lastKnownFileType = file; path = "RobotoSlab-Medium.ttf"; sourceTree = "<group>"; };
		29D4AFC52AD9647C009CC37D /* RobotoSlab-Light.ttf */ = {isa = PBXFileReference; lastKnownFileType = file; path = "RobotoSlab-Light.ttf"; sourceTree = "<group>"; };
		29D4AFC72AD97C49009CC37D /* CellViewModel.swift */ = {isa = PBXFileReference; lastKnownFileType = sourcecode.swift; path = CellViewModel.swift; sourceTree = "<group>"; };
		29D4AFC92AD97F2F009CC37D /* TextFieldExtension.swift */ = {isa = PBXFileReference; lastKnownFileType = sourcecode.swift; path = TextFieldExtension.swift; sourceTree = "<group>"; };
		29D4AFCB2AD97F3B009CC37D /* ButtonExtension.swift */ = {isa = PBXFileReference; lastKnownFileType = sourcecode.swift; path = ButtonExtension.swift; sourceTree = "<group>"; };
		29D4AFCD2AD97F4A009CC37D /* LabelExtension.swift */ = {isa = PBXFileReference; lastKnownFileType = sourcecode.swift; path = LabelExtension.swift; sourceTree = "<group>"; };
		29D4AFCF2AD97F5A009CC37D /* ImageExtension.swift */ = {isa = PBXFileReference; lastKnownFileType = sourcecode.swift; path = ImageExtension.swift; sourceTree = "<group>"; };
		29D4AFD12AD97F6C009CC37D /* CollectionViewExtension.swift */ = {isa = PBXFileReference; lastKnownFileType = sourcecode.swift; path = CollectionViewExtension.swift; sourceTree = "<group>"; };
		29D4AFD32AD97F83009CC37D /* ViewControllerExtension.swift */ = {isa = PBXFileReference; lastKnownFileType = sourcecode.swift; path = ViewControllerExtension.swift; sourceTree = "<group>"; };
		29D4AFD52AD97F98009CC37D /* FontExtension.swift */ = {isa = PBXFileReference; lastKnownFileType = sourcecode.swift; path = FontExtension.swift; sourceTree = "<group>"; };
		29D78B672ADBFDF7001673F9 /* WeatherService.swift */ = {isa = PBXFileReference; lastKnownFileType = sourcecode.swift; path = WeatherService.swift; sourceTree = "<group>"; };
		29D78B692ADC0E56001673F9 /* MockWeatherApiService.swift */ = {isa = PBXFileReference; lastKnownFileType = sourcecode.swift; path = MockWeatherApiService.swift; sourceTree = "<group>"; };
		29D78B6D2ADC14C7001673F9 /* MockApiTest.swift */ = {isa = PBXFileReference; lastKnownFileType = sourcecode.swift; path = MockApiTest.swift; sourceTree = "<group>"; };
		29D78B6F2ADC2168001673F9 /* WeatherApplication.xctestplan */ = {isa = PBXFileReference; lastKnownFileType = text; path = WeatherApplication.xctestplan; sourceTree = "<group>"; };
		29D78B702ADCFB73001673F9 /* WeatherMockData.swift */ = {isa = PBXFileReference; lastKnownFileType = sourcecode.swift; path = WeatherMockData.swift; sourceTree = "<group>"; };
		29D78B722ADCFD11001673F9 /* MockForecastAPITest.swift */ = {isa = PBXFileReference; lastKnownFileType = sourcecode.swift; path = MockForecastAPITest.swift; sourceTree = "<group>"; };
		29D78B742ADD05CA001673F9 /* CellViewModelDateTest.swift */ = {isa = PBXFileReference; lastKnownFileType = sourcecode.swift; path = CellViewModelDateTest.swift; sourceTree = "<group>"; };
		29D78B792ADD36A1001673F9 /* CoreDataViewModel.swift */ = {isa = PBXFileReference; lastKnownFileType = sourcecode.swift; path = CoreDataViewModel.swift; sourceTree = "<group>"; };
		29D78BA22ADD5EBB001673F9 /* WeatherApplication.xcdatamodel */ = {isa = PBXFileReference; lastKnownFileType = wrapper.xcdatamodel; path = WeatherApplication.xcdatamodel; sourceTree = "<group>"; };
		29D78BA42ADD5F2D001673F9 /* SearchWeather.swift */ = {isa = PBXFileReference; lastKnownFileType = sourcecode.swift; path = SearchWeather.swift; sourceTree = "<group>"; };
		29D78BB72ADE5285001673F9 /* Enum.swift */ = {isa = PBXFileReference; lastKnownFileType = sourcecode.swift; path = Enum.swift; sourceTree = "<group>"; };
/* End PBXFileReference section */

/* Begin PBXFrameworksBuildPhase section */
		293BF1862AD26E250018E66F /* Frameworks */ = {
			isa = PBXFrameworksBuildPhase;
			buildActionMask = 2147483647;
			files = (
				29D78B9D2ADD528E001673F9 /* Kingfisher in Frameworks */,
				29D78BA02ADD5297001673F9 /* TinyConstraints in Frameworks */,
			);
			runOnlyForDeploymentPostprocessing = 0;
		};
		293BF19F2AD26E260018E66F /* Frameworks */ = {
			isa = PBXFrameworksBuildPhase;
			buildActionMask = 2147483647;
			files = (
			);
			runOnlyForDeploymentPostprocessing = 0;
		};
		293BF1A92AD26E260018E66F /* Frameworks */ = {
			isa = PBXFrameworksBuildPhase;
			buildActionMask = 2147483647;
			files = (
			);
			runOnlyForDeploymentPostprocessing = 0;
		};
/* End PBXFrameworksBuildPhase section */

/* Begin PBXGroup section */
		293BF1802AD26E250018E66F = {
			isa = PBXGroup;
			children = (
				29D78B6F2ADC2168001673F9 /* WeatherApplication.xctestplan */,
				293BF18B2AD26E250018E66F /* WeatherApplication */,
				293BF1A52AD26E260018E66F /* WeatherApplicationTests */,
				293BF1AF2AD26E260018E66F /* WeatherApplicationUITests */,
				293BF18A2AD26E250018E66F /* Products */,
			);
			sourceTree = "<group>";
		};
		293BF18A2AD26E250018E66F /* Products */ = {
			isa = PBXGroup;
			children = (
				293BF1892AD26E250018E66F /* WeatherApplication.app */,
				293BF1A22AD26E260018E66F /* WeatherApplicationTests.xctest */,
				293BF1AC2AD26E260018E66F /* WeatherApplicationUITests.xctest */,
			);
			name = Products;
			sourceTree = "<group>";
		};
		293BF18B2AD26E250018E66F /* WeatherApplication */ = {
			isa = PBXGroup;
			children = (
				29D78BA82ADD5F42001673F9 /* CoreDataEntity */,
				29D78B662ADBFDDB001673F9 /* Services */,
				29D4AFD72AD980D1009CC37D /* Application */,
				293BF1BF2AD26E5E0018E66F /* Constant */,
				29D78BB62ADE5273001673F9 /* Enum */,
				293BF1C12AD26E8B0018E66F /* Extensions */,
				296BEB172AD80FCE00715342 /* Font */,
				293BF1C02AD26E690018E66F /* Helper */,
				29D4AFD82AD980E6009CC37D /* StoryBoard */,
				293BF1C32AD26EA30018E66F /* Weather */,
				293BF1C22AD26E960018E66F /* Utility */,
				293BF1982AD26E260018E66F /* Assets.xcassets */,
				293BF19D2AD26E260018E66F /* Info.plist */,
				29D78BA12ADD5EBB001673F9 /* WeatherApplication.xcdatamodeld */,
			);
			path = WeatherApplication;
			sourceTree = "<group>";
		};
		293BF1A52AD26E260018E66F /* WeatherApplicationTests */ = {
			isa = PBXGroup;
			children = (
				29D78B702ADCFB73001673F9 /* WeatherMockData.swift */,
				293BF1A62AD26E260018E66F /* WeatherApplicationTests.swift */,
				29D78B6D2ADC14C7001673F9 /* MockApiTest.swift */,
				29D78B722ADCFD11001673F9 /* MockForecastAPITest.swift */,
				29D78B742ADD05CA001673F9 /* CellViewModelDateTest.swift */,
				29D78B692ADC0E56001673F9 /* MockWeatherApiService.swift */,
			);
			path = WeatherApplicationTests;
			sourceTree = "<group>";
		};
		293BF1AF2AD26E260018E66F /* WeatherApplicationUITests */ = {
			isa = PBXGroup;
			children = (
				293BF1B02AD26E260018E66F /* WeatherApplicationUITests.swift */,
				293BF1B22AD26E260018E66F /* WeatherApplicationUITestsLaunchTests.swift */,
			);
			path = WeatherApplicationUITests;
			sourceTree = "<group>";
		};
		293BF1BF2AD26E5E0018E66F /* Constant */ = {
			isa = PBXGroup;
			children = (
				293BF1DC2AD402C70018E66F /* Contstants.swift */,
			);
			path = Constant;
			sourceTree = "<group>";
		};
		293BF1C02AD26E690018E66F /* Helper */ = {
			isa = PBXGroup;
			children = (
				293BF1C72AD26FCD0018E66F /* ApiManager.swift */,
			);
			path = Helper;
			sourceTree = "<group>";
		};
		293BF1C12AD26E8B0018E66F /* Extensions */ = {
			isa = PBXGroup;
			children = (
				29D4AFC92AD97F2F009CC37D /* TextFieldExtension.swift */,
				29D4AFCB2AD97F3B009CC37D /* ButtonExtension.swift */,
				29D4AFCD2AD97F4A009CC37D /* LabelExtension.swift */,
				29D4AFCF2AD97F5A009CC37D /* ImageExtension.swift */,
				29D4AFD12AD97F6C009CC37D /* CollectionViewExtension.swift */,
				29D4AFD32AD97F83009CC37D /* ViewControllerExtension.swift */,
				29D4AFD52AD97F98009CC37D /* FontExtension.swift */,
			);
			path = Extensions;
			sourceTree = "<group>";
		};
		293BF1C22AD26E960018E66F /* Utility */ = {
			isa = PBXGroup;
			children = (
				293BF1C92AD2702C0018E66F /* EndPointAPIType.swift */,
			);
			path = Utility;
			sourceTree = "<group>";
		};
		293BF1C32AD26EA30018E66F /* Weather */ = {
			isa = PBXGroup;
			children = (
				29D78BA92ADE4958001673F9 /* Screens */,
			);
			path = Weather;
			sourceTree = "<group>";
		};
		296BEB172AD80FCE00715342 /* Font */ = {
			isa = PBXGroup;
			children = (
				29D4AFC32AD9646F009CC37D /* RobotoSlab-Medium.ttf */,
				29D4AFC52AD9647C009CC37D /* RobotoSlab-Light.ttf */,
			);
			path = Font;
			sourceTree = "<group>";
		};
		29D4AFD72AD980D1009CC37D /* Application */ = {
			isa = PBXGroup;
			children = (
				293BF18C2AD26E250018E66F /* AppDelegate.swift */,
				293BF18E2AD26E250018E66F /* SceneDelegate.swift */,
			);
			path = Application;
			sourceTree = "<group>";
		};
		29D4AFD82AD980E6009CC37D /* StoryBoard */ = {
			isa = PBXGroup;
			children = (
				293BF1922AD26E250018E66F /* Main.storyboard */,
				293BF19A2AD26E260018E66F /* LaunchScreen.storyboard */,
			);
			path = StoryBoard;
			sourceTree = "<group>";
		};
		29D78B662ADBFDDB001673F9 /* Services */ = {
			isa = PBXGroup;
			children = (
				29D78B672ADBFDF7001673F9 /* WeatherService.swift */,
			);
			path = Services;
			sourceTree = "<group>";
		};
		29D78BA82ADD5F42001673F9 /* CoreDataEntity */ = {
			isa = PBXGroup;
			children = (
				29D78BA42ADD5F2D001673F9 /* SearchWeather.swift */,
			);
			path = CoreDataEntity;
			sourceTree = "<group>";
		};
		29D78BA92ADE4958001673F9 /* Screens */ = {
			isa = PBXGroup;
			children = (
				29D78BAA2ADE4964001673F9 /* MyLocation */,
				29D78BAB2ADE496E001673F9 /* PickLocation */,
				29D78BAC2ADE4977001673F9 /* Forecast */,
			);
			path = Screens;
			sourceTree = "<group>";
		};
		29D78BAA2ADE4964001673F9 /* MyLocation */ = {
			isa = PBXGroup;
			children = (
				29D78BAE2ADE498E001673F9 /* Model */,
				29D78BAF2ADE4990001673F9 /* View */,
				29D78BAD2ADE498A001673F9 /* ViewModel */,
			);
			path = MyLocation;
			sourceTree = "<group>";
		};
		29D78BAB2ADE496E001673F9 /* PickLocation */ = {
			isa = PBXGroup;
			children = (
				29D78BB12ADE49B2001673F9 /* View */,
				29D78BB02ADE49AD001673F9 /* ViewModel */,
			);
			path = PickLocation;
			sourceTree = "<group>";
		};
		29D78BAC2ADE4977001673F9 /* Forecast */ = {
			isa = PBXGroup;
			children = (
				29D78BB52ADE49D5001673F9 /* Model */,
				29D78BB42ADE49D2001673F9 /* View */,
				29D78BB32ADE49CF001673F9 /* ViewModel */,
			);
			path = Forecast;
			sourceTree = "<group>";
		};
		29D78BAD2ADE498A001673F9 /* ViewModel */ = {
			isa = PBXGroup;
			children = (
				293BF1D62AD3BC960018E66F /* WeatherViewModel.swift */,
			);
			path = ViewModel;
			sourceTree = "<group>";
		};
		29D78BAE2ADE498E001673F9 /* Model */ = {
			isa = PBXGroup;
			children = (
				293BF1D32AD3BC110018E66F /* WeatherModel.swift */,
			);
			path = Model;
			sourceTree = "<group>";
		};
		29D78BAF2ADE4990001673F9 /* View */ = {
			isa = PBXGroup;
			children = (
				293BF1CB2AD271FA0018E66F /* MyLocationVC.swift */,
				29D4AFB92AD92E59009CC37D /* iconCVCell.swift */,
				296BEB132AD5657100715342 /* forecastCVCell.swift */,
			);
			path = View;
			sourceTree = "<group>";
		};
		29D78BB02ADE49AD001673F9 /* ViewModel */ = {
			isa = PBXGroup;
			children = (
				29D78B792ADD36A1001673F9 /* CoreDataViewModel.swift */,
				29D4AFC72AD97C49009CC37D /* CellViewModel.swift */,
			);
			path = ViewModel;
			sourceTree = "<group>";
		};
		29D78BB12ADE49B2001673F9 /* View */ = {
			isa = PBXGroup;
			children = (
				293BF1CD2AD273C30018E66F /* PickLocationVC.swift */,
				296BEB112AD5508700715342 /* ResultCVCell.swift */,
			);
			path = View;
			sourceTree = "<group>";
		};
		29D78BB32ADE49CF001673F9 /* ViewModel */ = {
			isa = PBXGroup;
			children = (
				293BF1DA2AD3D2F80018E66F /* ForecastViewModel.swift */,
			);
			path = ViewModel;
			sourceTree = "<group>";
		};
		29D78BB42ADE49D2001673F9 /* View */ = {
			isa = PBXGroup;
			children = (
				293BF1CF2AD2746F0018E66F /* ForecastReportVC.swift */,
				296BEB152AD69BA100715342 /* ForecastReportCVCell.swift */,
			);
			path = View;
			sourceTree = "<group>";
		};
		29D78BB52ADE49D5001673F9 /* Model */ = {
			isa = PBXGroup;
			children = (
				293BF1D82AD3D2E20018E66F /* ForecastModel.swift */,
			);
			path = Model;
			sourceTree = "<group>";
		};
		29D78BB62ADE5273001673F9 /* Enum */ = {
			isa = PBXGroup;
			children = (
				29D78BB72ADE5285001673F9 /* Enum.swift */,
			);
			path = Enum;
			sourceTree = "<group>";
		};
/* End PBXGroup section */

/* Begin PBXNativeTarget section */
		293BF1882AD26E250018E66F /* WeatherApplication */ = {
			isa = PBXNativeTarget;
			buildConfigurationList = 293BF1B62AD26E260018E66F /* Build configuration list for PBXNativeTarget "WeatherApplication" */;
			buildPhases = (
				293BF1852AD26E250018E66F /* Sources */,
				293BF1862AD26E250018E66F /* Frameworks */,
				293BF1872AD26E250018E66F /* Resources */,
			);
			buildRules = (
			);
			dependencies = (
			);
			name = WeatherApplication;
			packageProductDependencies = (
				29D78B9C2ADD528E001673F9 /* Kingfisher */,
				29D78B9F2ADD5297001673F9 /* TinyConstraints */,
			);
			productName = WeatherApplication;
			productReference = 293BF1892AD26E250018E66F /* WeatherApplication.app */;
			productType = "com.apple.product-type.application";
		};
		293BF1A12AD26E260018E66F /* WeatherApplicationTests */ = {
			isa = PBXNativeTarget;
			buildConfigurationList = 293BF1B92AD26E260018E66F /* Build configuration list for PBXNativeTarget "WeatherApplicationTests" */;
			buildPhases = (
				293BF19E2AD26E260018E66F /* Sources */,
				293BF19F2AD26E260018E66F /* Frameworks */,
				293BF1A02AD26E260018E66F /* Resources */,
			);
			buildRules = (
			);
			dependencies = (
				293BF1A42AD26E260018E66F /* PBXTargetDependency */,
			);
			name = WeatherApplicationTests;
			productName = WeatherApplicationTests;
			productReference = 293BF1A22AD26E260018E66F /* WeatherApplicationTests.xctest */;
			productType = "com.apple.product-type.bundle.unit-test";
		};
		293BF1AB2AD26E260018E66F /* WeatherApplicationUITests */ = {
			isa = PBXNativeTarget;
			buildConfigurationList = 293BF1BC2AD26E260018E66F /* Build configuration list for PBXNativeTarget "WeatherApplicationUITests" */;
			buildPhases = (
				293BF1A82AD26E260018E66F /* Sources */,
				293BF1A92AD26E260018E66F /* Frameworks */,
				293BF1AA2AD26E260018E66F /* Resources */,
			);
			buildRules = (
			);
			dependencies = (
				293BF1AE2AD26E260018E66F /* PBXTargetDependency */,
			);
			name = WeatherApplicationUITests;
			productName = WeatherApplicationUITests;
			productReference = 293BF1AC2AD26E260018E66F /* WeatherApplicationUITests.xctest */;
			productType = "com.apple.product-type.bundle.ui-testing";
		};
/* End PBXNativeTarget section */

/* Begin PBXProject section */
		293BF1812AD26E250018E66F /* Project object */ = {
			isa = PBXProject;
			attributes = {
				BuildIndependentTargetsInParallel = 1;
				LastSwiftUpdateCheck = 1430;
				LastUpgradeCheck = 1430;
				TargetAttributes = {
					293BF1882AD26E250018E66F = {
						CreatedOnToolsVersion = 14.3.1;
					};
					293BF1A12AD26E260018E66F = {
						CreatedOnToolsVersion = 14.3.1;
						TestTargetID = 293BF1882AD26E250018E66F;
					};
					293BF1AB2AD26E260018E66F = {
						CreatedOnToolsVersion = 14.3.1;
						TestTargetID = 293BF1882AD26E250018E66F;
					};
				};
			};
			buildConfigurationList = 293BF1842AD26E250018E66F /* Build configuration list for PBXProject "WeatherApplication" */;
			compatibilityVersion = "Xcode 14.0";
			developmentRegion = en;
			hasScannedForEncodings = 0;
			knownRegions = (
				en,
				Base,
			);
			mainGroup = 293BF1802AD26E250018E66F;
			packageReferences = (
				29D78B9B2ADD528E001673F9 /* XCRemoteSwiftPackageReference "Kingfisher" */,
				29D78B9E2ADD5297001673F9 /* XCRemoteSwiftPackageReference "TinyConstraints" */,
			);
			productRefGroup = 293BF18A2AD26E250018E66F /* Products */;
			projectDirPath = "";
			projectRoot = "";
			targets = (
				293BF1882AD26E250018E66F /* WeatherApplication */,
				293BF1A12AD26E260018E66F /* WeatherApplicationTests */,
				293BF1AB2AD26E260018E66F /* WeatherApplicationUITests */,
			);
		};
/* End PBXProject section */

/* Begin PBXResourcesBuildPhase section */
		293BF1872AD26E250018E66F /* Resources */ = {
			isa = PBXResourcesBuildPhase;
			buildActionMask = 2147483647;
			files = (
				293BF19C2AD26E260018E66F /* LaunchScreen.storyboard in Resources */,
				29D4AFC62AD9647C009CC37D /* RobotoSlab-Light.ttf in Resources */,
				293BF1992AD26E260018E66F /* Assets.xcassets in Resources */,
				29D4AFC42AD9646F009CC37D /* RobotoSlab-Medium.ttf in Resources */,
				293BF1942AD26E250018E66F /* Main.storyboard in Resources */,
			);
			runOnlyForDeploymentPostprocessing = 0;
		};
		293BF1A02AD26E260018E66F /* Resources */ = {
			isa = PBXResourcesBuildPhase;
			buildActionMask = 2147483647;
			files = (
			);
			runOnlyForDeploymentPostprocessing = 0;
		};
		293BF1AA2AD26E260018E66F /* Resources */ = {
			isa = PBXResourcesBuildPhase;
			buildActionMask = 2147483647;
			files = (
			);
			runOnlyForDeploymentPostprocessing = 0;
		};
/* End PBXResourcesBuildPhase section */

/* Begin PBXSourcesBuildPhase section */
		293BF1852AD26E250018E66F /* Sources */ = {
			isa = PBXSourcesBuildPhase;
			buildActionMask = 2147483647;
			files = (
				29D4AFD42AD97F83009CC37D /* ViewControllerExtension.swift in Sources */,
				29D78B682ADBFDF7001673F9 /* WeatherService.swift in Sources */,
				293BF18D2AD26E250018E66F /* AppDelegate.swift in Sources */,
				296BEB162AD69BA100715342 /* ForecastReportCVCell.swift in Sources */,
				293BF1CC2AD271FA0018E66F /* MyLocationVC.swift in Sources */,
				29D4AFD22AD97F6C009CC37D /* CollectionViewExtension.swift in Sources */,
				29D4AFCA2AD97F2F009CC37D /* TextFieldExtension.swift in Sources */,
				293BF1C82AD26FCD0018E66F /* ApiManager.swift in Sources */,
				293BF1D72AD3BC960018E66F /* WeatherViewModel.swift in Sources */,
				29D78BB82ADE5285001673F9 /* Enum.swift in Sources */,
				293BF18F2AD26E250018E66F /* SceneDelegate.swift in Sources */,
				29D4AFD02AD97F5A009CC37D /* ImageExtension.swift in Sources */,
				29D78BA62ADD5F2D001673F9 /* SearchWeather.swift in Sources */,
				29D4AFCE2AD97F4A009CC37D /* LabelExtension.swift in Sources */,
				29D78B7A2ADD36A1001673F9 /* CoreDataViewModel.swift in Sources */,
				293BF1D42AD3BC110018E66F /* WeatherModel.swift in Sources */,
				293BF1D02AD2746F0018E66F /* ForecastReportVC.swift in Sources */,
				29D78BA32ADD5EBB001673F9 /* WeatherApplication.xcdatamodeld in Sources */,
				293BF1CA2AD2702C0018E66F /* EndPointAPIType.swift in Sources */,
				29D4AFCC2AD97F3B009CC37D /* ButtonExtension.swift in Sources */,
				29D4AFC82AD97C49009CC37D /* CellViewModel.swift in Sources */,
				293BF1CE2AD273C30018E66F /* PickLocationVC.swift in Sources */,
				293BF1DB2AD3D2F80018E66F /* ForecastViewModel.swift in Sources */,
				293BF1D92AD3D2E20018E66F /* ForecastModel.swift in Sources */,
				293BF1DD2AD402C70018E66F /* Contstants.swift in Sources */,
				29D4AFBA2AD92E59009CC37D /* iconCVCell.swift in Sources */,
				29D4AFD62AD97F98009CC37D /* FontExtension.swift in Sources */,
				296BEB122AD5508700715342 /* ResultCVCell.swift in Sources */,
				296BEB142AD5657100715342 /* forecastCVCell.swift in Sources */,
			);
			runOnlyForDeploymentPostprocessing = 0;
		};
		293BF19E2AD26E260018E66F /* Sources */ = {
			isa = PBXSourcesBuildPhase;
			buildActionMask = 2147483647;
			files = (
				29D78B752ADD05CA001673F9 /* CellViewModelDateTest.swift in Sources */,
				29D78B732ADCFD11001673F9 /* MockForecastAPITest.swift in Sources */,
				29D78B712ADCFB73001673F9 /* WeatherMockData.swift in Sources */,
				293BF1A72AD26E260018E66F /* WeatherApplicationTests.swift in Sources */,
				29D78B6E2ADC14C7001673F9 /* MockApiTest.swift in Sources */,
				29D78B6A2ADC0E56001673F9 /* MockWeatherApiService.swift in Sources */,
			);
			runOnlyForDeploymentPostprocessing = 0;
		};
		293BF1A82AD26E260018E66F /* Sources */ = {
			isa = PBXSourcesBuildPhase;
			buildActionMask = 2147483647;
			files = (
				293BF1B32AD26E260018E66F /* WeatherApplicationUITestsLaunchTests.swift in Sources */,
				293BF1B12AD26E260018E66F /* WeatherApplicationUITests.swift in Sources */,
			);
			runOnlyForDeploymentPostprocessing = 0;
		};
/* End PBXSourcesBuildPhase section */

/* Begin PBXTargetDependency section */
		293BF1A42AD26E260018E66F /* PBXTargetDependency */ = {
			isa = PBXTargetDependency;
			target = 293BF1882AD26E250018E66F /* WeatherApplication */;
			targetProxy = 293BF1A32AD26E260018E66F /* PBXContainerItemProxy */;
		};
		293BF1AE2AD26E260018E66F /* PBXTargetDependency */ = {
			isa = PBXTargetDependency;
			target = 293BF1882AD26E250018E66F /* WeatherApplication */;
			targetProxy = 293BF1AD2AD26E260018E66F /* PBXContainerItemProxy */;
		};
/* End PBXTargetDependency section */

/* Begin PBXVariantGroup section */
		293BF1922AD26E250018E66F /* Main.storyboard */ = {
			isa = PBXVariantGroup;
			children = (
				293BF1932AD26E250018E66F /* Base */,
			);
			name = Main.storyboard;
			sourceTree = "<group>";
		};
		293BF19A2AD26E260018E66F /* LaunchScreen.storyboard */ = {
			isa = PBXVariantGroup;
			children = (
				293BF19B2AD26E260018E66F /* Base */,
			);
			name = LaunchScreen.storyboard;
			sourceTree = "<group>";
		};
/* End PBXVariantGroup section */

/* Begin XCBuildConfiguration section */
		293BF1B42AD26E260018E66F /* Debug */ = {
			isa = XCBuildConfiguration;
			buildSettings = {
				ALWAYS_SEARCH_USER_PATHS = NO;
				CLANG_ANALYZER_NONNULL = YES;
				CLANG_ANALYZER_NUMBER_OBJECT_CONVERSION = YES_AGGRESSIVE;
				CLANG_CXX_LANGUAGE_STANDARD = "gnu++20";
				CLANG_ENABLE_MODULES = YES;
				CLANG_ENABLE_OBJC_ARC = YES;
				CLANG_ENABLE_OBJC_WEAK = YES;
				CLANG_WARN_BLOCK_CAPTURE_AUTORELEASING = YES;
				CLANG_WARN_BOOL_CONVERSION = YES;
				CLANG_WARN_COMMA = YES;
				CLANG_WARN_CONSTANT_CONVERSION = YES;
				CLANG_WARN_DEPRECATED_OBJC_IMPLEMENTATIONS = YES;
				CLANG_WARN_DIRECT_OBJC_ISA_USAGE = YES_ERROR;
				CLANG_WARN_DOCUMENTATION_COMMENTS = YES;
				CLANG_WARN_EMPTY_BODY = YES;
				CLANG_WARN_ENUM_CONVERSION = YES;
				CLANG_WARN_INFINITE_RECURSION = YES;
				CLANG_WARN_INT_CONVERSION = YES;
				CLANG_WARN_NON_LITERAL_NULL_CONVERSION = YES;
				CLANG_WARN_OBJC_IMPLICIT_RETAIN_SELF = YES;
				CLANG_WARN_OBJC_LITERAL_CONVERSION = YES;
				CLANG_WARN_OBJC_ROOT_CLASS = YES_ERROR;
				CLANG_WARN_QUOTED_INCLUDE_IN_FRAMEWORK_HEADER = YES;
				CLANG_WARN_RANGE_LOOP_ANALYSIS = YES;
				CLANG_WARN_STRICT_PROTOTYPES = YES;
				CLANG_WARN_SUSPICIOUS_MOVE = YES;
				CLANG_WARN_UNGUARDED_AVAILABILITY = YES_AGGRESSIVE;
				CLANG_WARN_UNREACHABLE_CODE = YES;
				CLANG_WARN__DUPLICATE_METHOD_MATCH = YES;
				COPY_PHASE_STRIP = NO;
				DEBUG_INFORMATION_FORMAT = dwarf;
				ENABLE_STRICT_OBJC_MSGSEND = YES;
				ENABLE_TESTABILITY = YES;
				GCC_C_LANGUAGE_STANDARD = gnu11;
				GCC_DYNAMIC_NO_PIC = NO;
				GCC_NO_COMMON_BLOCKS = YES;
				GCC_OPTIMIZATION_LEVEL = 0;
				GCC_PREPROCESSOR_DEFINITIONS = (
					"DEBUG=1",
					"$(inherited)",
				);
				GCC_WARN_64_TO_32_BIT_CONVERSION = YES;
				GCC_WARN_ABOUT_RETURN_TYPE = YES_ERROR;
				GCC_WARN_UNDECLARED_SELECTOR = YES;
				GCC_WARN_UNINITIALIZED_AUTOS = YES_AGGRESSIVE;
				GCC_WARN_UNUSED_FUNCTION = YES;
				GCC_WARN_UNUSED_VARIABLE = YES;
				IPHONEOS_DEPLOYMENT_TARGET = 16.4;
				MTL_ENABLE_DEBUG_INFO = INCLUDE_SOURCE;
				MTL_FAST_MATH = YES;
				ONLY_ACTIVE_ARCH = YES;
				SDKROOT = iphoneos;
				SWIFT_ACTIVE_COMPILATION_CONDITIONS = DEBUG;
				SWIFT_OPTIMIZATION_LEVEL = "-Onone";
			};
			name = Debug;
		};
		293BF1B52AD26E260018E66F /* Release */ = {
			isa = XCBuildConfiguration;
			buildSettings = {
				ALWAYS_SEARCH_USER_PATHS = NO;
				CLANG_ANALYZER_NONNULL = YES;
				CLANG_ANALYZER_NUMBER_OBJECT_CONVERSION = YES_AGGRESSIVE;
				CLANG_CXX_LANGUAGE_STANDARD = "gnu++20";
				CLANG_ENABLE_MODULES = YES;
				CLANG_ENABLE_OBJC_ARC = YES;
				CLANG_ENABLE_OBJC_WEAK = YES;
				CLANG_WARN_BLOCK_CAPTURE_AUTORELEASING = YES;
				CLANG_WARN_BOOL_CONVERSION = YES;
				CLANG_WARN_COMMA = YES;
				CLANG_WARN_CONSTANT_CONVERSION = YES;
				CLANG_WARN_DEPRECATED_OBJC_IMPLEMENTATIONS = YES;
				CLANG_WARN_DIRECT_OBJC_ISA_USAGE = YES_ERROR;
				CLANG_WARN_DOCUMENTATION_COMMENTS = YES;
				CLANG_WARN_EMPTY_BODY = YES;
				CLANG_WARN_ENUM_CONVERSION = YES;
				CLANG_WARN_INFINITE_RECURSION = YES;
				CLANG_WARN_INT_CONVERSION = YES;
				CLANG_WARN_NON_LITERAL_NULL_CONVERSION = YES;
				CLANG_WARN_OBJC_IMPLICIT_RETAIN_SELF = YES;
				CLANG_WARN_OBJC_LITERAL_CONVERSION = YES;
				CLANG_WARN_OBJC_ROOT_CLASS = YES_ERROR;
				CLANG_WARN_QUOTED_INCLUDE_IN_FRAMEWORK_HEADER = YES;
				CLANG_WARN_RANGE_LOOP_ANALYSIS = YES;
				CLANG_WARN_STRICT_PROTOTYPES = YES;
				CLANG_WARN_SUSPICIOUS_MOVE = YES;
				CLANG_WARN_UNGUARDED_AVAILABILITY = YES_AGGRESSIVE;
				CLANG_WARN_UNREACHABLE_CODE = YES;
				CLANG_WARN__DUPLICATE_METHOD_MATCH = YES;
				COPY_PHASE_STRIP = NO;
				DEBUG_INFORMATION_FORMAT = "dwarf-with-dsym";
				ENABLE_NS_ASSERTIONS = NO;
				ENABLE_STRICT_OBJC_MSGSEND = YES;
				GCC_C_LANGUAGE_STANDARD = gnu11;
				GCC_NO_COMMON_BLOCKS = YES;
				GCC_WARN_64_TO_32_BIT_CONVERSION = YES;
				GCC_WARN_ABOUT_RETURN_TYPE = YES_ERROR;
				GCC_WARN_UNDECLARED_SELECTOR = YES;
				GCC_WARN_UNINITIALIZED_AUTOS = YES_AGGRESSIVE;
				GCC_WARN_UNUSED_FUNCTION = YES;
				GCC_WARN_UNUSED_VARIABLE = YES;
				IPHONEOS_DEPLOYMENT_TARGET = 16.4;
				MTL_ENABLE_DEBUG_INFO = NO;
				MTL_FAST_MATH = YES;
				SDKROOT = iphoneos;
				SWIFT_COMPILATION_MODE = wholemodule;
				SWIFT_OPTIMIZATION_LEVEL = "-O";
				VALIDATE_PRODUCT = YES;
			};
			name = Release;
		};
		293BF1B72AD26E260018E66F /* Debug */ = {
			isa = XCBuildConfiguration;
			buildSettings = {
				ASSETCATALOG_COMPILER_APPICON_NAME = AppIcon;
				ASSETCATALOG_COMPILER_GLOBAL_ACCENT_COLOR_NAME = AccentColor;
				CODE_SIGN_STYLE = Automatic;
				CURRENT_PROJECT_VERSION = 1;
				GENERATE_INFOPLIST_FILE = YES;
				INFOPLIST_FILE = WeatherApplication/Info.plist;
				INFOPLIST_KEY_UIApplicationSupportsIndirectInputEvents = YES;
				INFOPLIST_KEY_UILaunchStoryboardName = LaunchScreen;
				INFOPLIST_KEY_UIMainStoryboardFile = Main;
				INFOPLIST_KEY_UISupportedInterfaceOrientations_iPad = "UIInterfaceOrientationPortrait UIInterfaceOrientationPortraitUpsideDown UIInterfaceOrientationLandscapeLeft UIInterfaceOrientationLandscapeRight";
				INFOPLIST_KEY_UISupportedInterfaceOrientations_iPhone = "UIInterfaceOrientationPortrait UIInterfaceOrientationLandscapeLeft UIInterfaceOrientationLandscapeRight";
				LD_RUNPATH_SEARCH_PATHS = (
					"$(inherited)",
					"@executable_path/Frameworks",
				);
				MARKETING_VERSION = 1.0;
				PRODUCT_BUNDLE_IDENTIFIER = com.xcode.WeatherApplication;
				PRODUCT_NAME = "$(TARGET_NAME)";
				SWIFT_EMIT_LOC_STRINGS = YES;
				SWIFT_VERSION = 5.0;
				TARGETED_DEVICE_FAMILY = "1,2";
			};
			name = Debug;
		};
		293BF1B82AD26E260018E66F /* Release */ = {
			isa = XCBuildConfiguration;
			buildSettings = {
				ASSETCATALOG_COMPILER_APPICON_NAME = AppIcon;
				ASSETCATALOG_COMPILER_GLOBAL_ACCENT_COLOR_NAME = AccentColor;
				CODE_SIGN_STYLE = Automatic;
				CURRENT_PROJECT_VERSION = 1;
				GENERATE_INFOPLIST_FILE = YES;
				INFOPLIST_FILE = WeatherApplication/Info.plist;
				INFOPLIST_KEY_UIApplicationSupportsIndirectInputEvents = YES;
				INFOPLIST_KEY_UILaunchStoryboardName = LaunchScreen;
				INFOPLIST_KEY_UIMainStoryboardFile = Main;
				INFOPLIST_KEY_UISupportedInterfaceOrientations_iPad = "UIInterfaceOrientationPortrait UIInterfaceOrientationPortraitUpsideDown UIInterfaceOrientationLandscapeLeft UIInterfaceOrientationLandscapeRight";
				INFOPLIST_KEY_UISupportedInterfaceOrientations_iPhone = "UIInterfaceOrientationPortrait UIInterfaceOrientationLandscapeLeft UIInterfaceOrientationLandscapeRight";
				LD_RUNPATH_SEARCH_PATHS = (
					"$(inherited)",
					"@executable_path/Frameworks",
				);
				MARKETING_VERSION = 1.0;
				PRODUCT_BUNDLE_IDENTIFIER = com.xcode.WeatherApplication;
				PRODUCT_NAME = "$(TARGET_NAME)";
				SWIFT_EMIT_LOC_STRINGS = YES;
				SWIFT_VERSION = 5.0;
				TARGETED_DEVICE_FAMILY = "1,2";
			};
			name = Release;
		};
		293BF1BA2AD26E260018E66F /* Debug */ = {
			isa = XCBuildConfiguration;
			buildSettings = {
				ALWAYS_EMBED_SWIFT_STANDARD_LIBRARIES = YES;
				BUNDLE_LOADER = "$(TEST_HOST)";
				CODE_SIGN_STYLE = Automatic;
				CURRENT_PROJECT_VERSION = 1;
				GENERATE_INFOPLIST_FILE = YES;
				IPHONEOS_DEPLOYMENT_TARGET = 16.4;
				MARKETING_VERSION = 1.0;
				PRODUCT_BUNDLE_IDENTIFIER = com.xcode.WeatherApplicationTests;
				PRODUCT_NAME = "$(TARGET_NAME)";
				SWIFT_EMIT_LOC_STRINGS = NO;
				SWIFT_VERSION = 5.0;
				TARGETED_DEVICE_FAMILY = "1,2";
				TEST_HOST = "$(BUILT_PRODUCTS_DIR)/WeatherApplication.app/$(BUNDLE_EXECUTABLE_FOLDER_PATH)/WeatherApplication";
			};
			name = Debug;
		};
		293BF1BB2AD26E260018E66F /* Release */ = {
			isa = XCBuildConfiguration;
			buildSettings = {
				ALWAYS_EMBED_SWIFT_STANDARD_LIBRARIES = YES;
				BUNDLE_LOADER = "$(TEST_HOST)";
				CODE_SIGN_STYLE = Automatic;
				CURRENT_PROJECT_VERSION = 1;
				GENERATE_INFOPLIST_FILE = YES;
				IPHONEOS_DEPLOYMENT_TARGET = 16.4;
				MARKETING_VERSION = 1.0;
				PRODUCT_BUNDLE_IDENTIFIER = com.xcode.WeatherApplicationTests;
				PRODUCT_NAME = "$(TARGET_NAME)";
				SWIFT_EMIT_LOC_STRINGS = NO;
				SWIFT_VERSION = 5.0;
				TARGETED_DEVICE_FAMILY = "1,2";
				TEST_HOST = "$(BUILT_PRODUCTS_DIR)/WeatherApplication.app/$(BUNDLE_EXECUTABLE_FOLDER_PATH)/WeatherApplication";
			};
			name = Release;
		};
		293BF1BD2AD26E260018E66F /* Debug */ = {
			isa = XCBuildConfiguration;
			buildSettings = {
				ALWAYS_EMBED_SWIFT_STANDARD_LIBRARIES = YES;
				CODE_SIGN_STYLE = Automatic;
				CURRENT_PROJECT_VERSION = 1;
				GENERATE_INFOPLIST_FILE = YES;
				MARKETING_VERSION = 1.0;
				PRODUCT_BUNDLE_IDENTIFIER = com.xcode.WeatherApplicationUITests;
				PRODUCT_NAME = "$(TARGET_NAME)";
				SWIFT_EMIT_LOC_STRINGS = NO;
				SWIFT_VERSION = 5.0;
				TARGETED_DEVICE_FAMILY = "1,2";
				TEST_TARGET_NAME = WeatherApplication;
			};
			name = Debug;
		};
		293BF1BE2AD26E260018E66F /* Release */ = {
			isa = XCBuildConfiguration;
			buildSettings = {
				ALWAYS_EMBED_SWIFT_STANDARD_LIBRARIES = YES;
				CODE_SIGN_STYLE = Automatic;
				CURRENT_PROJECT_VERSION = 1;
				GENERATE_INFOPLIST_FILE = YES;
				MARKETING_VERSION = 1.0;
				PRODUCT_BUNDLE_IDENTIFIER = com.xcode.WeatherApplicationUITests;
				PRODUCT_NAME = "$(TARGET_NAME)";
				SWIFT_EMIT_LOC_STRINGS = NO;
				SWIFT_VERSION = 5.0;
				TARGETED_DEVICE_FAMILY = "1,2";
				TEST_TARGET_NAME = WeatherApplication;
			};
			name = Release;
		};
/* End XCBuildConfiguration section */

/* Begin XCConfigurationList section */
		293BF1842AD26E250018E66F /* Build configuration list for PBXProject "WeatherApplication" */ = {
			isa = XCConfigurationList;
			buildConfigurations = (
				293BF1B42AD26E260018E66F /* Debug */,
				293BF1B52AD26E260018E66F /* Release */,
			);
			defaultConfigurationIsVisible = 0;
			defaultConfigurationName = Release;
		};
		293BF1B62AD26E260018E66F /* Build configuration list for PBXNativeTarget "WeatherApplication" */ = {
			isa = XCConfigurationList;
			buildConfigurations = (
				293BF1B72AD26E260018E66F /* Debug */,
				293BF1B82AD26E260018E66F /* Release */,
			);
			defaultConfigurationIsVisible = 0;
			defaultConfigurationName = Release;
		};
		293BF1B92AD26E260018E66F /* Build configuration list for PBXNativeTarget "WeatherApplicationTests" */ = {
			isa = XCConfigurationList;
			buildConfigurations = (
				293BF1BA2AD26E260018E66F /* Debug */,
				293BF1BB2AD26E260018E66F /* Release */,
			);
			defaultConfigurationIsVisible = 0;
			defaultConfigurationName = Release;
		};
		293BF1BC2AD26E260018E66F /* Build configuration list for PBXNativeTarget "WeatherApplicationUITests" */ = {
			isa = XCConfigurationList;
			buildConfigurations = (
				293BF1BD2AD26E260018E66F /* Debug */,
				293BF1BE2AD26E260018E66F /* Release */,
			);
			defaultConfigurationIsVisible = 0;
			defaultConfigurationName = Release;
		};
/* End XCConfigurationList section */

/* Begin XCRemoteSwiftPackageReference section */
		29D78B9B2ADD528E001673F9 /* XCRemoteSwiftPackageReference "Kingfisher" */ = {
			isa = XCRemoteSwiftPackageReference;
			repositoryURL = "https://github.com/onevcat/Kingfisher.git";
			requirement = {
				kind = upToNextMajorVersion;
				minimumVersion = 7.0.0;
			};
		};
		29D78B9E2ADD5297001673F9 /* XCRemoteSwiftPackageReference "TinyConstraints" */ = {
			isa = XCRemoteSwiftPackageReference;
			repositoryURL = "https://github.com/roberthein/TinyConstraints.git";
			requirement = {
				kind = upToNextMajorVersion;
				minimumVersion = 4.0.0;
			};
		};
/* End XCRemoteSwiftPackageReference section */

/* Begin XCSwiftPackageProductDependency section */
		29D78B9C2ADD528E001673F9 /* Kingfisher */ = {
			isa = XCSwiftPackageProductDependency;
			package = 29D78B9B2ADD528E001673F9 /* XCRemoteSwiftPackageReference "Kingfisher" */;
			productName = Kingfisher;
		};
		29D78B9F2ADD5297001673F9 /* TinyConstraints */ = {
			isa = XCSwiftPackageProductDependency;
			package = 29D78B9E2ADD5297001673F9 /* XCRemoteSwiftPackageReference "TinyConstraints" */;
			productName = TinyConstraints;
		};
/* End XCSwiftPackageProductDependency section */

/* Begin XCVersionGroup section */
		29D78BA12ADD5EBB001673F9 /* WeatherApplication.xcdatamodeld */ = {
			isa = XCVersionGroup;
			children = (
				29D78BA22ADD5EBB001673F9 /* WeatherApplication.xcdatamodel */,
			);
			currentVersion = 29D78BA22ADD5EBB001673F9 /* WeatherApplication.xcdatamodel */;
			path = WeatherApplication.xcdatamodeld;
			sourceTree = "<group>";
			versionGroupType = wrapper.xcdatamodel;
		};
/* End XCVersionGroup section */
	};
	rootObject = 293BF1812AD26E250018E66F /* Project object */;
}
